
Microsoft Visual Studio Solution File, Format Version 12.00
# Visual Studio Version 17
VisualStudioVersion = 17.5.33530.505
MinimumVisualStudioVersion = 10.0.40219.1
Project("{FAE04EC0-301F-11D3-BF4B-00C04F79EFBC}") = "KahveSiparisUygulamasi", "KahveSiparisUygulamasi\KahveSiparisUygulamasi.csproj", "{79CED6F7-089F-4F76-A9F0-6DCC2F8E7CDB}"
EndProject
Global
	GlobalSection(SolutionConfigurationPlatforms) = preSolution
		Debug|Any CPU = Debug|Any CPU
		Release|Any CPU = Release|Any CPU
	EndGlobalSection
	GlobalSection(ProjectConfigurationPlatforms) = postSolution
		{79CED6F7-089F-4F76-A9F0-6DCC2F8E7CDB}.Debug|Any CPU.ActiveCfg = Debug|Any CPU
		{79CED6F7-089F-4F76-A9F0-6DCC2F8E7CDB}.Debug|Any CPU.Build.0 = Debug|Any CPU
		{79CED6F7-089F-4F76-A9F0-6DCC2F8E7CDB}.Release|Any CPU.ActiveCfg = Release|Any CPU
		{79CED6F7-089F-4F76-A9F0-6DCC2F8E7CDB}.Release|Any CPU.Build.0 = Release|Any CPU
	EndGlobalSection
	GlobalSection(SolutionProperties) = preSolution
		HideSolutionNode = FALSE
	EndGlobalSection
	GlobalSection(ExtensibilityGlobals) = postSolution
		SolutionGuid = {2F6952F9-38F2-4343-9FF7-E4A21B732E08}
	EndGlobalSection
EndGlobal
